
Microsoft Visual Studio Solution File, Format Version 12.00
# Visual Studio Version 17
VisualStudioVersion = 17.14.36429.23
MinimumVisualStudioVersion = 10.0.40219.1
Project("{FAE04EC0-301F-11D3-BF4B-00C04F79EFBC}") = "esg-mcp-api", "esg-mcp-api.csproj", "{95BA91A7-BB18-4860-B544-171C3CE4BA05}"
EndProject
Global
	GlobalSection(SolutionConfigurationPlatforms) = preSolution
		Debug|Any CPU = Debug|Any CPU
		Release|Any CPU = Release|Any CPU
	EndGlobalSection
	GlobalSection(ProjectConfigurationPlatforms) = postSolution
		{95BA91A7-BB18-4860-B544-171C3CE4BA05}.Debug|Any CPU.ActiveCfg = Debug|Any CPU
		{95BA91A7-BB18-4860-B544-171C3CE4BA05}.Debug|Any CPU.Build.0 = Debug|Any CPU
		{95BA91A7-BB18-4860-B544-171C3CE4BA05}.Release|Any CPU.ActiveCfg = Release|Any CPU
		{95BA91A7-BB18-4860-B544-171C3CE4BA05}.Release|Any CPU.Build.0 = Release|Any CPU
	EndGlobalSection
	GlobalSection(SolutionProperties) = preSolution
		HideSolutionNode = FALSE
	EndGlobalSection
	GlobalSection(ExtensibilityGlobals) = postSolution
		SolutionGuid = {7CB48596-B734-43AE-80FD-252A92814731}
	EndGlobalSection
EndGlobal
